
Microsoft Visual Studio Solution File, Format Version 12.00
# Visual Studio 15
VisualStudioVersion = 15.0.28307.271
MinimumVisualStudioVersion = 10.0.40219.1
Project("{FAE04EC0-301F-11D3-BF4B-00C04F79EFBC}") = "RestWithASP-NET", "RestWithASP-NET\RestWithASP-NET.csproj", "{D10728AC-F618-44B0-8A28-BC82D8C870EB}"
EndProject
Global
	GlobalSection(SolutionConfigurationPlatforms) = preSolution
		Debug|Any CPU = Debug|Any CPU
		Release|Any CPU = Release|Any CPU
	EndGlobalSection
	GlobalSection(ProjectConfigurationPlatforms) = postSolution
		{D10728AC-F618-44B0-8A28-BC82D8C870EB}.Debug|Any CPU.ActiveCfg = Debug|Any CPU
		{D10728AC-F618-44B0-8A28-BC82D8C870EB}.Debug|Any CPU.Build.0 = Debug|Any CPU
		{D10728AC-F618-44B0-8A28-BC82D8C870EB}.Release|Any CPU.ActiveCfg = Release|Any CPU
		{D10728AC-F618-44B0-8A28-BC82D8C870EB}.Release|Any CPU.Build.0 = Release|Any CPU
	EndGlobalSection
	GlobalSection(SolutionProperties) = preSolution
		HideSolutionNode = FALSE
	EndGlobalSection
	GlobalSection(ExtensibilityGlobals) = postSolution
		SolutionGuid = {A20ADC1B-1745-45F0-96CA-AB3C246EF625}
	EndGlobalSection
EndGlobal
